
Microsoft Visual Studio Solution File, Format Version 12.00
# Visual Studio Version 17
VisualStudioVersion = 17.5.002.0
MinimumVisualStudioVersion = 10.0.40219.1
Project("{2150E333-8FDC-42A3-9474-1A3956D46DE8}") = "Lesson 1", "Lesson 1", "{80FFE693-00F1-495F-883E-85AE26CC889D}"
EndProject
Project("{9A19103F-16F7-4668-BE54-9A1E7A4F7556}") = "1_1", "Lesson 1\1_1\1_1.csproj", "{51071E71-D577-4065-BB7A-169481816217}"
EndProject
Global
	GlobalSection(SolutionConfigurationPlatforms) = preSolution
		Debug|Any CPU = Debug|Any CPU
		Release|Any CPU = Release|Any CPU
	EndGlobalSection
	GlobalSection(ProjectConfigurationPlatforms) = postSolution
		{51071E71-D577-4065-BB7A-169481816217}.Debug|Any CPU.ActiveCfg = Debug|Any CPU
		{51071E71-D577-4065-BB7A-169481816217}.Debug|Any CPU.Build.0 = Debug|Any CPU
		{51071E71-D577-4065-BB7A-169481816217}.Release|Any CPU.ActiveCfg = Release|Any CPU
		{51071E71-D577-4065-BB7A-169481816217}.Release|Any CPU.Build.0 = Release|Any CPU
	EndGlobalSection
	GlobalSection(SolutionProperties) = preSolution
		HideSolutionNode = FALSE
	EndGlobalSection
	GlobalSection(NestedProjects) = preSolution
		{51071E71-D577-4065-BB7A-169481816217} = {80FFE693-00F1-495F-883E-85AE26CC889D}
	EndGlobalSection
	GlobalSection(ExtensibilityGlobals) = postSolution
		SolutionGuid = {499B7172-0A9A-4D24-AC45-C19BB6D92764}
	EndGlobalSection
EndGlobal
